
Microsoft Visual Studio Solution File, Format Version 12.00
# Visual Studio 15
VisualStudioVersion = 15.0.28307.852
MinimumVisualStudioVersion = 10.0.40219.1
Project("{FAE04EC0-301F-11D3-BF4B-00C04F79EFBC}") = "Lab_1", "Lab_1\Lab_1.csproj", "{733BDC7F-7A26-442F-8007-5F4B3AADE894}"
EndProject
Project("{FAE04EC0-301F-11D3-BF4B-00C04F79EFBC}") = "Lab_2", "Lab_2\Lab_2.csproj", "{52A0998B-3377-4D97-BE92-D6A6E89C298D}"
EndProject
Project("{FAE04EC0-301F-11D3-BF4B-00C04F79EFBC}") = "Lab_3", "Lab_3\Lab_3.csproj", "{1714B26A-91FB-4C27-BD95-1DF439383B74}"
EndProject
Project("{FAE04EC0-301F-11D3-BF4B-00C04F79EFBC}") = "SimpleListProject", "SimpleListProject\SimpleListProject.csproj", "{80E70078-6D68-4D60-8FA1-A1B6F52E3A22}"
EndProject
Project("{FAE04EC0-301F-11D3-BF4B-00C04F79EFBC}") = "Lab_4", "WindowsFormsApp1\Lab_4.csproj", "{910EF98D-2755-4886-A9D5-8A4450FB2745}"
EndProject
Project("{FAE04EC0-301F-11D3-BF4B-00C04F79EFBC}") = "Lab_5", "WindowsFormsApp2\Lab_5.csproj", "{46703628-CA39-4DA4-A90C-7CE25A426832}"
EndProject
Project("{FAE04EC0-301F-11D3-BF4B-00C04F79EFBC}") = "EditDistanceProject", "EditDistanceProject\EditDistanceProject.csproj", "{6612ABB0-039C-4CA5-9051-C26F4DA20E5F}"
EndProject
Project("{FAE04EC0-301F-11D3-BF4B-00C04F79EFBC}") = "Lab_6", "Lab_6\Lab_6.csproj", "{E76D725F-755F-4F70-BA99-36C144F6C6E7}"
EndProject
Global
	GlobalSection(SolutionConfigurationPlatforms) = preSolution
		Debug|Any CPU = Debug|Any CPU
		Debug|x86 = Debug|x86
		Release|Any CPU = Release|Any CPU
		Release|x86 = Release|x86
	EndGlobalSection
	GlobalSection(ProjectConfigurationPlatforms) = postSolution
		{733BDC7F-7A26-442F-8007-5F4B3AADE894}.Debug|Any CPU.ActiveCfg = Debug|Any CPU
		{733BDC7F-7A26-442F-8007-5F4B3AADE894}.Debug|Any CPU.Build.0 = Debug|Any CPU
		{733BDC7F-7A26-442F-8007-5F4B3AADE894}.Debug|x86.ActiveCfg = Debug|Any CPU
		{733BDC7F-7A26-442F-8007-5F4B3AADE894}.Debug|x86.Build.0 = Debug|Any CPU
		{733BDC7F-7A26-442F-8007-5F4B3AADE894}.Release|Any CPU.ActiveCfg = Release|Any CPU
		{733BDC7F-7A26-442F-8007-5F4B3AADE894}.Release|Any CPU.Build.0 = Release|Any CPU
		{733BDC7F-7A26-442F-8007-5F4B3AADE894}.Release|x86.ActiveCfg = Release|Any CPU
		{733BDC7F-7A26-442F-8007-5F4B3AADE894}.Release|x86.Build.0 = Release|Any CPU
		{52A0998B-3377-4D97-BE92-D6A6E89C298D}.Debug|Any CPU.ActiveCfg = Debug|Any CPU
		{52A0998B-3377-4D97-BE92-D6A6E89C298D}.Debug|Any CPU.Build.0 = Debug|Any CPU
		{52A0998B-3377-4D97-BE92-D6A6E89C298D}.Debug|x86.ActiveCfg = Debug|Any CPU
		{52A0998B-3377-4D97-BE92-D6A6E89C298D}.Debug|x86.Build.0 = Debug|Any CPU
		{52A0998B-3377-4D97-BE92-D6A6E89C298D}.Release|Any CPU.ActiveCfg = Release|Any CPU
		{52A0998B-3377-4D97-BE92-D6A6E89C298D}.Release|Any CPU.Build.0 = Release|Any CPU
		{52A0998B-3377-4D97-BE92-D6A6E89C298D}.Release|x86.ActiveCfg = Release|Any CPU
		{52A0998B-3377-4D97-BE92-D6A6E89C298D}.Release|x86.Build.0 = Release|Any CPU
		{1714B26A-91FB-4C27-BD95-1DF439383B74}.Debug|Any CPU.ActiveCfg = Debug|Any CPU
		{1714B26A-91FB-4C27-BD95-1DF439383B74}.Debug|Any CPU.Build.0 = Debug|Any CPU
		{1714B26A-91FB-4C27-BD95-1DF439383B74}.Debug|x86.ActiveCfg = Debug|Any CPU
		{1714B26A-91FB-4C27-BD95-1DF439383B74}.Debug|x86.Build.0 = Debug|Any CPU
		{1714B26A-91FB-4C27-BD95-1DF439383B74}.Release|Any CPU.ActiveCfg = Release|Any CPU
		{1714B26A-91FB-4C27-BD95-1DF439383B74}.Release|Any CPU.Build.0 = Release|Any CPU
		{1714B26A-91FB-4C27-BD95-1DF439383B74}.Release|x86.ActiveCfg = Release|Any CPU
		{1714B26A-91FB-4C27-BD95-1DF439383B74}.Release|x86.Build.0 = Release|Any CPU
		{80E70078-6D68-4D60-8FA1-A1B6F52E3A22}.Debug|Any CPU.ActiveCfg = Debug|x86
		{80E70078-6D68-4D60-8FA1-A1B6F52E3A22}.Debug|x86.ActiveCfg = Debug|x86
		{80E70078-6D68-4D60-8FA1-A1B6F52E3A22}.Debug|x86.Build.0 = Debug|x86
		{80E70078-6D68-4D60-8FA1-A1B6F52E3A22}.Release|Any CPU.ActiveCfg = Release|x86
		{80E70078-6D68-4D60-8FA1-A1B6F52E3A22}.Release|x86.ActiveCfg = Release|x86
		{80E70078-6D68-4D60-8FA1-A1B6F52E3A22}.Release|x86.Build.0 = Release|x86
		{910EF98D-2755-4886-A9D5-8A4450FB2745}.Debug|Any CPU.ActiveCfg = Debug|Any CPU
		{910EF98D-2755-4886-A9D5-8A4450FB2745}.Debug|Any CPU.Build.0 = Debug|Any CPU
		{910EF98D-2755-4886-A9D5-8A4450FB2745}.Debug|x86.ActiveCfg = Debug|Any CPU
		{910EF98D-2755-4886-A9D5-8A4450FB2745}.Debug|x86.Build.0 = Debug|Any CPU
		{910EF98D-2755-4886-A9D5-8A4450FB2745}.Release|Any CPU.ActiveCfg = Release|Any CPU
		{910EF98D-2755-4886-A9D5-8A4450FB2745}.Release|Any CPU.Build.0 = Release|Any CPU
		{910EF98D-2755-4886-A9D5-8A4450FB2745}.Release|x86.ActiveCfg = Release|Any CPU
		{910EF98D-2755-4886-A9D5-8A4450FB2745}.Release|x86.Build.0 = Release|Any CPU
		{46703628-CA39-4DA4-A90C-7CE25A426832}.Debug|Any CPU.ActiveCfg = Debug|Any CPU
		{46703628-CA39-4DA4-A90C-7CE25A426832}.Debug|Any CPU.Build.0 = Debug|Any CPU
		{46703628-CA39-4DA4-A90C-7CE25A426832}.Debug|x86.ActiveCfg = Debug|Any CPU
		{46703628-CA39-4DA4-A90C-7CE25A426832}.Debug|x86.Build.0 = Debug|Any CPU
		{46703628-CA39-4DA4-A90C-7CE25A426832}.Release|Any CPU.ActiveCfg = Release|Any CPU
		{46703628-CA39-4DA4-A90C-7CE25A426832}.Release|Any CPU.Build.0 = Release|Any CPU
		{46703628-CA39-4DA4-A90C-7CE25A426832}.Release|x86.ActiveCfg = Release|Any CPU
		{46703628-CA39-4DA4-A90C-7CE25A426832}.Release|x86.Build.0 = Release|Any CPU
		{6612ABB0-039C-4CA5-9051-C26F4DA20E5F}.Debug|Any CPU.ActiveCfg = Debug|Any CPU
		{6612ABB0-039C-4CA5-9051-C26F4DA20E5F}.Debug|Any CPU.Build.0 = Debug|Any CPU
		{6612ABB0-039C-4CA5-9051-C26F4DA20E5F}.Debug|x86.ActiveCfg = Debug|Any CPU
		{6612ABB0-039C-4CA5-9051-C26F4DA20E5F}.Debug|x86.Build.0 = Debug|Any CPU
		{6612ABB0-039C-4CA5-9051-C26F4DA20E5F}.Release|Any CPU.ActiveCfg = Release|Any CPU
		{6612ABB0-039C-4CA5-9051-C26F4DA20E5F}.Release|Any CPU.Build.0 = Release|Any CPU
		{6612ABB0-039C-4CA5-9051-C26F4DA20E5F}.Release|x86.ActiveCfg = Release|Any CPU
		{6612ABB0-039C-4CA5-9051-C26F4DA20E5F}.Release|x86.Build.0 = Release|Any CPU
		{E76D725F-755F-4F70-BA99-36C144F6C6E7}.Debug|Any CPU.ActiveCfg = Debug|Any CPU
		{E76D725F-755F-4F70-BA99-36C144F6C6E7}.Debug|Any CPU.Build.0 = Debug|Any CPU
		{E76D725F-755F-4F70-BA99-36C144F6C6E7}.Debug|x86.ActiveCfg = Debug|Any CPU
		{E76D725F-755F-4F70-BA99-36C144F6C6E7}.Debug|x86.Build.0 = Debug|Any CPU
		{E76D725F-755F-4F70-BA99-36C144F6C6E7}.Release|Any CPU.ActiveCfg = Release|Any CPU
		{E76D725F-755F-4F70-BA99-36C144F6C6E7}.Release|Any CPU.Build.0 = Release|Any CPU
		{E76D725F-755F-4F70-BA99-36C144F6C6E7}.Release|x86.ActiveCfg = Release|Any CPU
		{E76D725F-755F-4F70-BA99-36C144F6C6E7}.Release|x86.Build.0 = Release|Any CPU
	EndGlobalSection
	GlobalSection(SolutionProperties) = preSolution
		HideSolutionNode = FALSE
	EndGlobalSection
	GlobalSection(ExtensibilityGlobals) = postSolution
		SolutionGuid = {15D950F2-AD98-44F0-B608-F4EA69864871}
	EndGlobalSection
EndGlobal
